// !$*UTF8*$!
{
	archiveVersion = 1;
	classes = {
	};
	objectVersion = 50;
	objects = {

/* Begin PBXBuildFile section */
		BE1938CA2613F7560087D61A /* LearningApp.swift in Sources */ = {isa = PBXBuildFile; fileRef = BE1938C92613F7560087D61A /* LearningApp.swift */; };
		BE1938CC2613F7560087D61A /* HomeView.swift in Sources */ = {isa = PBXBuildFile; fileRef = BE1938CB2613F7560087D61A /* HomeView.swift */; };
		BE1938CE2613F7570087D61A /* Assets.xcassets in Resources */ = {isa = PBXBuildFile; fileRef = BE1938CD2613F7570087D61A /* Assets.xcassets */; };
		BE1938D12613F7570087D61A /* Preview Assets.xcassets in Resources */ = {isa = PBXBuildFile; fileRef = BE1938D02613F7570087D61A /* Preview Assets.xcassets */; };
		BE1938E12613F9420087D61A /* ContentModel.swift in Sources */ = {isa = PBXBuildFile; fileRef = BE1938E02613F9420087D61A /* ContentModel.swift */; };
		BE1938E5261784930087D61A /* style.html in Resources */ = {isa = PBXBuildFile; fileRef = BE1938E3261784930087D61A /* style.html */; };
		BE1938E6261784930087D61A /* data.json in Resources */ = {isa = PBXBuildFile; fileRef = BE1938E4261784930087D61A /* data.json */; };
		BE1938E9261785190087D61A /* Models.swift in Sources */ = {isa = PBXBuildFile; fileRef = BE1938E8261785190087D61A /* Models.swift */; };
		BE83C497262371040015CD87 /* ContentView.swift in Sources */ = {isa = PBXBuildFile; fileRef = BE83C496262371040015CD87 /* ContentView.swift */; };
		BE83C49C26239FCB0015CD87 /* ContentViewRow.swift in Sources */ = {isa = PBXBuildFile; fileRef = BE83C49B26239FCB0015CD87 /* ContentViewRow.swift */; };
		BE865062261938CE009E517F /* HomeViewRow.swift in Sources */ = {isa = PBXBuildFile; fileRef = BE865061261938CE009E517F /* HomeViewRow.swift */; };
		BEC815F6262B41360025F02F /* ContentDetailView.swift in Sources */ = {isa = PBXBuildFile; fileRef = BEC815F5262B41360025F02F /* ContentDetailView.swift */; };
		BEC815FA262B487F0025F02F /* Constants.swift in Sources */ = {isa = PBXBuildFile; fileRef = BEC815F9262B487F0025F02F /* Constants.swift */; };
		BEC815FD262C9FC80025F02F /* ContentStyleView.swift in Sources */ = {isa = PBXBuildFile; fileRef = BEC815FC262C9FC80025F02F /* ContentStyleView.swift */; };
/* End PBXBuildFile section */

/* Begin PBXFileReference section */
		BE1938C62613F7560087D61A /* LearningApp.app */ = {isa = PBXFileReference; explicitFileType = wrapper.application; includeInIndex = 0; path = LearningApp.app; sourceTree = BUILT_PRODUCTS_DIR; };
		BE1938C92613F7560087D61A /* LearningApp.swift */ = {isa = PBXFileReference; lastKnownFileType = sourcecode.swift; path = LearningApp.swift; sourceTree = "<group>"; };
		BE1938CB2613F7560087D61A /* HomeView.swift */ = {isa = PBXFileReference; lastKnownFileType = sourcecode.swift; path = HomeView.swift; sourceTree = "<group>"; };
		BE1938CD2613F7570087D61A /* Assets.xcassets */ = {isa = PBXFileReference; lastKnownFileType = folder.assetcatalog; path = Assets.xcassets; sourceTree = "<group>"; };
		BE1938D02613F7570087D61A /* Preview Assets.xcassets */ = {isa = PBXFileReference; lastKnownFileType = folder.assetcatalog; path = "Preview Assets.xcassets"; sourceTree = "<group>"; };
		BE1938D22613F7570087D61A /* Info.plist */ = {isa = PBXFileReference; lastKnownFileType = text.plist.xml; path = Info.plist; sourceTree = "<group>"; };
		BE1938E02613F9420087D61A /* ContentModel.swift */ = {isa = PBXFileReference; lastKnownFileType = sourcecode.swift; path = ContentModel.swift; sourceTree = "<group>"; };
		BE1938E3261784930087D61A /* style.html */ = {isa = PBXFileReference; fileEncoding = 4; lastKnownFileType = text.html; path = style.html; sourceTree = "<group>"; };
		BE1938E4261784930087D61A /* data.json */ = {isa = PBXFileReference; fileEncoding = 4; lastKnownFileType = text.json; path = data.json; sourceTree = "<group>"; };
		BE1938E8261785190087D61A /* Models.swift */ = {isa = PBXFileReference; lastKnownFileType = sourcecode.swift; path = Models.swift; sourceTree = "<group>"; };
		BE83C496262371040015CD87 /* ContentView.swift */ = {isa = PBXFileReference; lastKnownFileType = sourcecode.swift; path = ContentView.swift; sourceTree = "<group>"; };
		BE83C49B26239FCB0015CD87 /* ContentViewRow.swift */ = {isa = PBXFileReference; lastKnownFileType = sourcecode.swift; path = ContentViewRow.swift; sourceTree = "<group>"; };
		BE865061261938CE009E517F /* HomeViewRow.swift */ = {isa = PBXFileReference; lastKnownFileType = sourcecode.swift; path = HomeViewRow.swift; sourceTree = "<group>"; };
		BEC815F5262B41360025F02F /* ContentDetailView.swift */ = {isa = PBXFileReference; lastKnownFileType = sourcecode.swift; path = ContentDetailView.swift; sourceTree = "<group>"; };
		BEC815F9262B487F0025F02F /* Constants.swift */ = {isa = PBXFileReference; lastKnownFileType = sourcecode.swift; path = Constants.swift; sourceTree = "<group>"; };
		BEC815FC262C9FC80025F02F /* ContentStyleView.swift */ = {isa = PBXFileReference; lastKnownFileType = sourcecode.swift; path = ContentStyleView.swift; sourceTree = "<group>"; };
/* End PBXFileReference section */

/* Begin PBXFrameworksBuildPhase section */
		BE1938C32613F7560087D61A /* Frameworks */ = {
			isa = PBXFrameworksBuildPhase;
			buildActionMask = 2147483647;
			files = (
			);
			runOnlyForDeploymentPostprocessing = 0;
		};
/* End PBXFrameworksBuildPhase section */

/* Begin PBXGroup section */
		BE1938BD2613F7560087D61A = {
			isa = PBXGroup;
			children = (
				BE1938C82613F7560087D61A /* LearningApp */,
				BE1938C72613F7560087D61A /* Products */,
			);
			sourceTree = "<group>";
		};
		BE1938C72613F7560087D61A /* Products */ = {
			isa = PBXGroup;
			children = (
				BE1938C62613F7560087D61A /* LearningApp.app */,
			);
			name = Products;
			sourceTree = "<group>";
		};
		BE1938C82613F7560087D61A /* LearningApp */ = {
			isa = PBXGroup;
			children = (
				BE1938C92613F7560087D61A /* LearningApp.swift */,
				BE1938DB2613F8560087D61A /* Views */,
				BE1938DD2613F8740087D61A /* ViewModels */,
				BE1938DC2613F86E0087D61A /* Models */,
				BE1938DF2613F8BB0087D61A /* Helpers */,
				BE1938DE2613F8A20087D61A /* Resources */,
				BE1938CD2613F7570087D61A /* Assets.xcassets */,
				BE1938D22613F7570087D61A /* Info.plist */,
				BE1938CF2613F7570087D61A /* Preview Content */,
			);
			path = LearningApp;
			sourceTree = "<group>";
		};
		BE1938CF2613F7570087D61A /* Preview Content */ = {
			isa = PBXGroup;
			children = (
				BE1938D02613F7570087D61A /* Preview Assets.xcassets */,
			);
			path = "Preview Content";
			sourceTree = "<group>";
		};
		BE1938DB2613F8560087D61A /* Views */ = {
			isa = PBXGroup;
			children = (
				BE1938CB2613F7560087D61A /* HomeView.swift */,
				BE865061261938CE009E517F /* HomeViewRow.swift */,
				BE83C496262371040015CD87 /* ContentView.swift */,
				BE83C49B26239FCB0015CD87 /* ContentViewRow.swift */,
				BEC815F5262B41360025F02F /* ContentDetailView.swift */,
				BEC815FC262C9FC80025F02F /* ContentStyleView.swift */,
			);
			path = Views;
			sourceTree = "<group>";
		};
		BE1938DC2613F86E0087D61A /* Models */ = {
			isa = PBXGroup;
			children = (
				BE1938E8261785190087D61A /* Models.swift */,
			);
			path = Models;
			sourceTree = "<group>";
		};
		BE1938DD2613F8740087D61A /* ViewModels */ = {
			isa = PBXGroup;
			children = (
				BE1938E02613F9420087D61A /* ContentModel.swift */,
			);
			path = ViewModels;
			sourceTree = "<group>";
		};
		BE1938DE2613F8A20087D61A /* Resources */ = {
			isa = PBXGroup;
			children = (
				BE1938E4261784930087D61A /* data.json */,
				BE1938E3261784930087D61A /* style.html */,
				BEC815F9262B487F0025F02F /* Constants.swift */,
			);
			path = Resources;
			sourceTree = "<group>";
		};
		BE1938DF2613F8BB0087D61A /* Helpers */ = {
			isa = PBXGroup;
			children = (
			);
			path = Helpers;
			sourceTree = "<group>";
		};
/* End PBXGroup section */

/* Begin PBXNativeTarget section */
		BE1938C52613F7560087D61A /* LearningApp */ = {
			isa = PBXNativeTarget;
			buildConfigurationList = BE1938D52613F7570087D61A /* Build configuration list for PBXNativeTarget "LearningApp" */;
			buildPhases = (
				BE1938C22613F7560087D61A /* Sources */,
				BE1938C32613F7560087D61A /* Frameworks */,
				BE1938C42613F7560087D61A /* Resources */,
			);
			buildRules = (
			);
			dependencies = (
			);
			name = LearningApp;
			productName = LearningApp;
			productReference = BE1938C62613F7560087D61A /* LearningApp.app */;
			productType = "com.apple.product-type.application";
		};
/* End PBXNativeTarget section */

/* Begin PBXProject section */
		BE1938BE2613F7560087D61A /* Project object */ = {
			isa = PBXProject;
			attributes = {
				LastSwiftUpdateCheck = 1240;
				LastUpgradeCheck = 1240;
				TargetAttributes = {
					BE1938C52613F7560087D61A = {
						CreatedOnToolsVersion = 12.4;
					};
				};
			};
			buildConfigurationList = BE1938C12613F7560087D61A /* Build configuration list for PBXProject "LearningApp" */;
			compatibilityVersion = "Xcode 9.3";
			developmentRegion = en;
			hasScannedForEncodings = 0;
			knownRegions = (
				en,
				Base,
			);
			mainGroup = BE1938BD2613F7560087D61A;
			productRefGroup = BE1938C72613F7560087D61A /* Products */;
			projectDirPath = "";
			projectRoot = "";
			targets = (
				BE1938C52613F7560087D61A /* LearningApp */,
			);
		};
/* End PBXProject section */

/* Begin PBXResourcesBuildPhase section */
		BE1938C42613F7560087D61A /* Resources */ = {
			isa = PBXResourcesBuildPhase;
			buildActionMask = 2147483647;
			files = (
				BE1938E5261784930087D61A /* style.html in Resources */,
				BE1938D12613F7570087D61A /* Preview Assets.xcassets in Resources */,
				BE1938CE2613F7570087D61A /* Assets.xcassets in Resources */,
				BE1938E6261784930087D61A /* data.json in Resources */,
			);
			runOnlyForDeploymentPostprocessing = 0;
		};
/* End PBXResourcesBuildPhase section */

/* Begin PBXSourcesBuildPhase section */
		BE1938C22613F7560087D61A /* Sources */ = {
			isa = PBXSourcesBuildPhase;
			buildActionMask = 2147483647;
			files = (
				BE1938CC2613F7560087D61A /* HomeView.swift in Sources */,
				BE83C49C26239FCB0015CD87 /* ContentViewRow.swift in Sources */,
				BE83C497262371040015CD87 /* ContentView.swift in Sources */,
				BEC815F6262B41360025F02F /* ContentDetailView.swift in Sources */,
				BE1938CA2613F7560087D61A /* LearningApp.swift in Sources */,
				BE1938E12613F9420087D61A /* ContentModel.swift in Sources */,
				BEC815FD262C9FC80025F02F /* ContentStyleView.swift in Sources */,
				BE865062261938CE009E517F /* HomeViewRow.swift in Sources */,
				BE1938E9261785190087D61A /* Models.swift in Sources */,
				BEC815FA262B487F0025F02F /* Constants.swift in Sources */,
			);
			runOnlyForDeploymentPostprocessing = 0;
		};
/* End PBXSourcesBuildPhase section */

/* Begin XCBuildConfiguration section */
		BE1938D32613F7570087D61A /* Debug */ = {
			isa = XCBuildConfiguration;
			buildSettings = {
				ALWAYS_SEARCH_USER_PATHS = NO;
				CLANG_ANALYZER_NONNULL = YES;
				CLANG_ANALYZER_NUMBER_OBJECT_CONVERSION = YES_AGGRESSIVE;
				CLANG_CXX_LANGUAGE_STANDARD = "gnu++14";
				CLANG_CXX_LIBRARY = "libc++";
				CLANG_ENABLE_MODULES = YES;
				CLANG_ENABLE_OBJC_ARC = YES;
				CLANG_ENABLE_OBJC_WEAK = YES;
				CLANG_WARN_BLOCK_CAPTURE_AUTORELEASING = YES;
				CLANG_WARN_BOOL_CONVERSION = YES;
				CLANG_WARN_COMMA = YES;
				CLANG_WARN_CONSTANT_CONVERSION = YES;
				CLANG_WARN_DEPRECATED_OBJC_IMPLEMENTATIONS = YES;
				CLANG_WARN_DIRECT_OBJC_ISA_USAGE = YES_ERROR;
				CLANG_WARN_DOCUMENTATION_COMMENTS = YES;
				CLANG_WARN_EMPTY_BODY = YES;
				CLANG_WARN_ENUM_CONVERSION = YES;
				CLANG_WARN_INFINITE_RECURSION = YES;
				CLANG_WARN_INT_CONVERSION = YES;
				CLANG_WARN_NON_LITERAL_NULL_CONVERSION = YES;
				CLANG_WARN_OBJC_IMPLICIT_RETAIN_SELF = YES;
				CLANG_WARN_OBJC_LITERAL_CONVERSION = YES;
				CLANG_WARN_OBJC_ROOT_CLASS = YES_ERROR;
				CLANG_WARN_QUOTED_INCLUDE_IN_FRAMEWORK_HEADER = YES;
				CLANG_WARN_RANGE_LOOP_ANALYSIS = YES;
				CLANG_WARN_STRICT_PROTOTYPES = YES;
				CLANG_WARN_SUSPICIOUS_MOVE = YES;
				CLANG_WARN_UNGUARDED_AVAILABILITY = YES_AGGRESSIVE;
				CLANG_WARN_UNREACHABLE_CODE = YES;
				CLANG_WARN__DUPLICATE_METHOD_MATCH = YES;
				COPY_PHASE_STRIP = NO;
				DEBUG_INFORMATION_FORMAT = dwarf;
				ENABLE_STRICT_OBJC_MSGSEND = YES;
				ENABLE_TESTABILITY = YES;
				GCC_C_LANGUAGE_STANDARD = gnu11;
				GCC_DYNAMIC_NO_PIC = NO;
				GCC_NO_COMMON_BLOCKS = YES;
				GCC_OPTIMIZATION_LEVEL = 0;
				GCC_PREPROCESSOR_DEFINITIONS = (
					"DEBUG=1",
					"$(inherited)",
				);
				GCC_WARN_64_TO_32_BIT_CONVERSION = YES;
				GCC_WARN_ABOUT_RETURN_TYPE = YES_ERROR;
				GCC_WARN_UNDECLARED_SELECTOR = YES;
				GCC_WARN_UNINITIALIZED_AUTOS = YES_AGGRESSIVE;
				GCC_WARN_UNUSED_FUNCTION = YES;
				GCC_WARN_UNUSED_VARIABLE = YES;
				IPHONEOS_DEPLOYMENT_TARGET = 14.4;
				MTL_ENABLE_DEBUG_INFO = INCLUDE_SOURCE;
				MTL_FAST_MATH = YES;
				ONLY_ACTIVE_ARCH = YES;
				SDKROOT = iphoneos;
				SWIFT_ACTIVE_COMPILATION_CONDITIONS = DEBUG;
				SWIFT_OPTIMIZATION_LEVEL = "-Onone";
			};
			name = Debug;
		};
		BE1938D42613F7570087D61A /* Release */ = {
			isa = XCBuildConfiguration;
			buildSettings = {
				ALWAYS_SEARCH_USER_PATHS = NO;
				CLANG_ANALYZER_NONNULL = YES;
				CLANG_ANALYZER_NUMBER_OBJECT_CONVERSION = YES_AGGRESSIVE;
				CLANG_CXX_LANGUAGE_STANDARD = "gnu++14";
				CLANG_CXX_LIBRARY = "libc++";
				CLANG_ENABLE_MODULES = YES;
				CLANG_ENABLE_OBJC_ARC = YES;
				CLANG_ENABLE_OBJC_WEAK = YES;
				CLANG_WARN_BLOCK_CAPTURE_AUTORELEASING = YES;
				CLANG_WARN_BOOL_CONVERSION = YES;
				CLANG_WARN_COMMA = YES;
				CLANG_WARN_CONSTANT_CONVERSION = YES;
				CLANG_WARN_DEPRECATED_OBJC_IMPLEMENTATIONS = YES;
				CLANG_WARN_DIRECT_OBJC_ISA_USAGE = YES_ERROR;
				CLANG_WARN_DOCUMENTATION_COMMENTS = YES;
				CLANG_WARN_EMPTY_BODY = YES;
				CLANG_WARN_ENUM_CONVERSION = YES;
				CLANG_WARN_INFINITE_RECURSION = YES;
				CLANG_WARN_INT_CONVERSION = YES;
				CLANG_WARN_NON_LITERAL_NULL_CONVERSION = YES;
				CLANG_WARN_OBJC_IMPLICIT_RETAIN_SELF = YES;
				CLANG_WARN_OBJC_LITERAL_CONVERSION = YES;
				CLANG_WARN_OBJC_ROOT_CLASS = YES_ERROR;
				CLANG_WARN_QUOTED_INCLUDE_IN_FRAMEWORK_HEADER = YES;
				CLANG_WARN_RANGE_LOOP_ANALYSIS = YES;
				CLANG_WARN_STRICT_PROTOTYPES = YES;
				CLANG_WARN_SUSPICIOUS_MOVE = YES;
				CLANG_WARN_UNGUARDED_AVAILABILITY = YES_AGGRESSIVE;
				CLANG_WARN_UNREACHABLE_CODE = YES;
				CLANG_WARN__DUPLICATE_METHOD_MATCH = YES;
				COPY_PHASE_STRIP = NO;
				DEBUG_INFORMATION_FORMAT = "dwarf-with-dsym";
				ENABLE_NS_ASSERTIONS = NO;
				ENABLE_STRICT_OBJC_MSGSEND = YES;
				GCC_C_LANGUAGE_STANDARD = gnu11;
				GCC_NO_COMMON_BLOCKS = YES;
				GCC_WARN_64_TO_32_BIT_CONVERSION = YES;
				GCC_WARN_ABOUT_RETURN_TYPE = YES_ERROR;
				GCC_WARN_UNDECLARED_SELECTOR = YES;
				GCC_WARN_UNINITIALIZED_AUTOS = YES_AGGRESSIVE;
				GCC_WARN_UNUSED_FUNCTION = YES;
				GCC_WARN_UNUSED_VARIABLE = YES;
				IPHONEOS_DEPLOYMENT_TARGET = 14.4;
				MTL_ENABLE_DEBUG_INFO = NO;
				MTL_FAST_MATH = YES;
				SDKROOT = iphoneos;
				SWIFT_COMPILATION_MODE = wholemodule;
				SWIFT_OPTIMIZATION_LEVEL = "-O";
				VALIDATE_PRODUCT = YES;
			};
			name = Release;
		};
		BE1938D62613F7570087D61A /* Debug */ = {
			isa = XCBuildConfiguration;
			buildSettings = {
				ASSETCATALOG_COMPILER_APPICON_NAME = AppIcon;
				ASSETCATALOG_COMPILER_GLOBAL_ACCENT_COLOR_NAME = AccentColor;
				CODE_SIGN_STYLE = Automatic;
				DEVELOPMENT_ASSET_PATHS = "\"LearningApp/Preview Content\"";
				DEVELOPMENT_TEAM = 4KUF66M79V;
				ENABLE_PREVIEWS = YES;
				INFOPLIST_FILE = LearningApp/Info.plist;
				IPHONEOS_DEPLOYMENT_TARGET = 14.0;
				LD_RUNPATH_SEARCH_PATHS = (
					"$(inherited)",
					"@executable_path/Frameworks",
				);
				PRODUCT_BUNDLE_IDENTIFIER = com.chriswidstrom.LearningApp;
				PRODUCT_NAME = "$(TARGET_NAME)";
				SWIFT_VERSION = 5.0;
				TARGETED_DEVICE_FAMILY = "1,2";
			};
			name = Debug;
		};
		BE1938D72613F7570087D61A /* Release */ = {
			isa = XCBuildConfiguration;
			buildSettings = {
				ASSETCATALOG_COMPILER_APPICON_NAME = AppIcon;
				ASSETCATALOG_COMPILER_GLOBAL_ACCENT_COLOR_NAME = AccentColor;
				CODE_SIGN_STYLE = Automatic;
				DEVELOPMENT_ASSET_PATHS = "\"LearningApp/Preview Content\"";
				DEVELOPMENT_TEAM = 4KUF66M79V;
				ENABLE_PREVIEWS = YES;
				INFOPLIST_FILE = LearningApp/Info.plist;
				IPHONEOS_DEPLOYMENT_TARGET = 14.0;
				LD_RUNPATH_SEARCH_PATHS = (
					"$(inherited)",
					"@executable_path/Frameworks",
				);
				PRODUCT_BUNDLE_IDENTIFIER = com.chriswidstrom.LearningApp;
				PRODUCT_NAME = "$(TARGET_NAME)";
				SWIFT_VERSION = 5.0;
				TARGETED_DEVICE_FAMILY = "1,2";
			};
			name = Release;
		};
/* End XCBuildConfiguration section */

/* Begin XCConfigurationList section */
		BE1938C12613F7560087D61A /* Build configuration list for PBXProject "LearningApp" */ = {
			isa = XCConfigurationList;
			buildConfigurations = (
				BE1938D32613F7570087D61A /* Debug */,
				BE1938D42613F7570087D61A /* Release */,
			);
			defaultConfigurationIsVisible = 0;
			defaultConfigurationName = Release;
		};
		BE1938D52613F7570087D61A /* Build configuration list for PBXNativeTarget "LearningApp" */ = {
			isa = XCConfigurationList;
			buildConfigurations = (
				BE1938D62613F7570087D61A /* Debug */,
				BE1938D72613F7570087D61A /* Release */,
			);
			defaultConfigurationIsVisible = 0;
			defaultConfigurationName = Release;
		};
/* End XCConfigurationList section */
	};
	rootObject = BE1938BE2613F7560087D61A /* Project object */;
}
